
Microsoft Visual Studio Solution File, Format Version 12.00
# Visual Studio Version 17
VisualStudioVersion = 17.5.33516.290
MinimumVisualStudioVersion = 10.0.40219.1
Project("{FAE04EC0-301F-11D3-BF4B-00C04F79EFBC}") = "RedisAPI", "RedisAPI.csproj", "{1A0E02B3-80F3-4F59-B2E4-BF56056183F2}"
EndProject
Global
	GlobalSection(SolutionConfigurationPlatforms) = preSolution
		Debug|Any CPU = Debug|Any CPU
		Release|Any CPU = Release|Any CPU
	EndGlobalSection
	GlobalSection(ProjectConfigurationPlatforms) = postSolution
		{1A0E02B3-80F3-4F59-B2E4-BF56056183F2}.Debug|Any CPU.ActiveCfg = Debug|Any CPU
		{1A0E02B3-80F3-4F59-B2E4-BF56056183F2}.Debug|Any CPU.Build.0 = Debug|Any CPU
		{1A0E02B3-80F3-4F59-B2E4-BF56056183F2}.Release|Any CPU.ActiveCfg = Release|Any CPU
		{1A0E02B3-80F3-4F59-B2E4-BF56056183F2}.Release|Any CPU.Build.0 = Release|Any CPU
	EndGlobalSection
	GlobalSection(SolutionProperties) = preSolution
		HideSolutionNode = FALSE
	EndGlobalSection
	GlobalSection(ExtensibilityGlobals) = postSolution
		SolutionGuid = {67BC3B6C-0F63-49FC-B6FF-1CFF07915E45}
	EndGlobalSection
EndGlobal
